
Microsoft Visual Studio Solution File, Format Version 12.00
# Visual Studio Version 17
VisualStudioVersion = 17.14.36301.6 d17.14
MinimumVisualStudioVersion = 10.0.40219.1
Project("{FAE04EC0-301F-11D3-BF4B-00C04F79EFBC}") = "programacionFPII1.31", "programacionFPII1.31\programacionFPII1.31.csproj", "{3A2977A7-9D65-4223-AEA9-7FC196CDE99F}"
EndProject
Global
	GlobalSection(SolutionConfigurationPlatforms) = preSolution
		Debug|Any CPU = Debug|Any CPU
		Release|Any CPU = Release|Any CPU
	EndGlobalSection
	GlobalSection(ProjectConfigurationPlatforms) = postSolution
		{3A2977A7-9D65-4223-AEA9-7FC196CDE99F}.Debug|Any CPU.ActiveCfg = Debug|Any CPU
		{3A2977A7-9D65-4223-AEA9-7FC196CDE99F}.Debug|Any CPU.Build.0 = Debug|Any CPU
		{3A2977A7-9D65-4223-AEA9-7FC196CDE99F}.Release|Any CPU.ActiveCfg = Release|Any CPU
		{3A2977A7-9D65-4223-AEA9-7FC196CDE99F}.Release|Any CPU.Build.0 = Release|Any CPU
	EndGlobalSection
	GlobalSection(SolutionProperties) = preSolution
		HideSolutionNode = FALSE
	EndGlobalSection
	GlobalSection(ExtensibilityGlobals) = postSolution
		SolutionGuid = {8C3550EF-4655-49F4-A13D-22AA36C4AAA9}
	EndGlobalSection
EndGlobal
