
Microsoft Visual Studio Solution File, Format Version 12.00
# Visual Studio Version 17
VisualStudioVersion = 17.14.36203.30 d17.14
MinimumVisualStudioVersion = 10.0.40219.1
Project("{FAE04EC0-301F-11D3-BF4B-00C04F79EFBC}") = "programacionFPII1.4", "programacionFPII1.4\programacionFPII1.4.csproj", "{68405BB8-CCA9-4862-9359-C01417DE13C8}"
EndProject
Global
	GlobalSection(SolutionConfigurationPlatforms) = preSolution
		Debug|Any CPU = Debug|Any CPU
		Release|Any CPU = Release|Any CPU
	EndGlobalSection
	GlobalSection(ProjectConfigurationPlatforms) = postSolution
		{68405BB8-CCA9-4862-9359-C01417DE13C8}.Debug|Any CPU.ActiveCfg = Debug|Any CPU
		{68405BB8-CCA9-4862-9359-C01417DE13C8}.Debug|Any CPU.Build.0 = Debug|Any CPU
		{68405BB8-CCA9-4862-9359-C01417DE13C8}.Release|Any CPU.ActiveCfg = Release|Any CPU
		{68405BB8-CCA9-4862-9359-C01417DE13C8}.Release|Any CPU.Build.0 = Release|Any CPU
	EndGlobalSection
	GlobalSection(SolutionProperties) = preSolution
		HideSolutionNode = FALSE
	EndGlobalSection
	GlobalSection(ExtensibilityGlobals) = postSolution
		SolutionGuid = {530B4D42-C08D-41C5-A1A7-C1CCC0B251AD}
	EndGlobalSection
EndGlobal
